// !$*UTF8*$!
{
	archiveVersion = 1;
	classes = {
	};
	objectVersion = 51;
	objects = {

/* Begin PBXBuildFile section */
		5029FF2B25DAFF560009936D /* AppDelegate.swift in Sources */ = {isa = PBXBuildFile; fileRef = 5029FF2A25DAFF560009936D /* AppDelegate.swift */; };
		5029FF2D25DAFF560009936D /* SceneDelegate.swift in Sources */ = {isa = PBXBuildFile; fileRef = 5029FF2C25DAFF560009936D /* SceneDelegate.swift */; };
		5029FF2F25DAFF560009936D /* HomeViewController.swift in Sources */ = {isa = PBXBuildFile; fileRef = 5029FF2E25DAFF560009936D /* HomeViewController.swift */; };
		5029FF3225DAFF560009936D /* Main.storyboard in Resources */ = {isa = PBXBuildFile; fileRef = 5029FF3025DAFF560009936D /* Main.storyboard */; };
		5029FF3425DAFF590009936D /* Assets.xcassets in Resources */ = {isa = PBXBuildFile; fileRef = 5029FF3325DAFF590009936D /* Assets.xcassets */; };
		5029FF3725DAFF590009936D /* LaunchScreen.storyboard in Resources */ = {isa = PBXBuildFile; fileRef = 5029FF3525DAFF590009936D /* LaunchScreen.storyboard */; };
		5029FF4D25DB06850009936D /* UserDefaultsHelper.swift in Sources */ = {isa = PBXBuildFile; fileRef = 5029FF4C25DB06850009936D /* UserDefaultsHelper.swift */; };
		5029FF4F25DB06A80009936D /* UserDefaultsKey.swift in Sources */ = {isa = PBXBuildFile; fileRef = 5029FF4E25DB06A80009936D /* UserDefaultsKey.swift */; };
		5029FF5125DB07E50009936D /* HomeServiceInput.swift in Sources */ = {isa = PBXBuildFile; fileRef = 5029FF5025DB07E50009936D /* HomeServiceInput.swift */; };
		5029FF5325DB08220009936D /* HomeInteractorInput.swift in Sources */ = {isa = PBXBuildFile; fileRef = 5029FF5225DB08220009936D /* HomeInteractorInput.swift */; };
		5029FF5525DB082F0009936D /* HomePresenterInput.swift in Sources */ = {isa = PBXBuildFile; fileRef = 5029FF5425DB082F0009936D /* HomePresenterInput.swift */; };
		5029FF6625DB14190009936D /* Constant.swift in Sources */ = {isa = PBXBuildFile; fileRef = 5029FF6525DB14190009936D /* Constant.swift */; };
		5029FF6825DB15C10009936D /* HomeService.swift in Sources */ = {isa = PBXBuildFile; fileRef = 5029FF6725DB15C10009936D /* HomeService.swift */; };
		5029FF6A25DB182A0009936D /* HomeInteractor.swift in Sources */ = {isa = PBXBuildFile; fileRef = 5029FF6925DB182A0009936D /* HomeInteractor.swift */; };
		5029FF6C25DB18F90009936D /* KeyEntity.swift in Sources */ = {isa = PBXBuildFile; fileRef = 5029FF6B25DB18F90009936D /* KeyEntity.swift */; };
		5029FF6E25DB1A550009936D /* TipsEntity.swift in Sources */ = {isa = PBXBuildFile; fileRef = 5029FF6D25DB1A550009936D /* TipsEntity.swift */; };
		5029FF7025DB1B450009936D /* ProfileEntity.swift in Sources */ = {isa = PBXBuildFile; fileRef = 5029FF6F25DB1B450009936D /* ProfileEntity.swift */; };
		5029FF7225DB1CCC0009936D /* SuggestionEntity.swift in Sources */ = {isa = PBXBuildFile; fileRef = 5029FF7125DB1CCC0009936D /* SuggestionEntity.swift */; };
		5029FF7B25DB2E8B0009936D /* ReusableIdentifier.swift in Sources */ = {isa = PBXBuildFile; fileRef = 5029FF7A25DB2E8B0009936D /* ReusableIdentifier.swift */; };
		5029FF7D25DB2EB50009936D /* Section.swift in Sources */ = {isa = PBXBuildFile; fileRef = 5029FF7C25DB2EB50009936D /* Section.swift */; };
		5029FF7F25DB2ECD0009936D /* SectionInput.swift in Sources */ = {isa = PBXBuildFile; fileRef = 5029FF7E25DB2ECD0009936D /* SectionInput.swift */; };
		5029FF8225DB2EEC0009936D /* SectionOutput.swift in Sources */ = {isa = PBXBuildFile; fileRef = 5029FF8125DB2EEC0009936D /* SectionOutput.swift */; };
		5029FF8425DB2F0C0009936D /* TableViewController.swift in Sources */ = {isa = PBXBuildFile; fileRef = 5029FF8325DB2F0C0009936D /* TableViewController.swift */; };
		5029FF8625DB2F710009936D /* Thread.swift in Sources */ = {isa = PBXBuildFile; fileRef = 5029FF8525DB2F710009936D /* Thread.swift */; };
		5029FF8925DB357B0009936D /* HomeHeaderSectionBuilder.swift in Sources */ = {isa = PBXBuildFile; fileRef = 5029FF8825DB357A0009936D /* HomeHeaderSectionBuilder.swift */; };
		5029FF8B25DB358E0009936D /* HomeHeaderSection.swift in Sources */ = {isa = PBXBuildFile; fileRef = 5029FF8A25DB358E0009936D /* HomeHeaderSection.swift */; };
		5029FF8E25DB36110009936D /* HomeHeaderSectionPresenterInput.swift in Sources */ = {isa = PBXBuildFile; fileRef = 5029FF8D25DB36110009936D /* HomeHeaderSectionPresenterInput.swift */; };
		5029FF9025DB374E0009936D /* HomeHeaderSectionPresenter.swift in Sources */ = {isa = PBXBuildFile; fileRef = 5029FF8F25DB374E0009936D /* HomeHeaderSectionPresenter.swift */; };
		5029FF9325DB49A60009936D /* HomeHeaderSectionDomain.swift in Sources */ = {isa = PBXBuildFile; fileRef = 5029FF9225DB49A60009936D /* HomeHeaderSectionDomain.swift */; };
		5029FF9625DBFD740009936D /* UIImageView.swift in Sources */ = {isa = PBXBuildFile; fileRef = 5029FF9525DBFD740009936D /* UIImageView.swift */; };
		5029FF9A25DBFFF90009936D /* HomeHeaderSectionSuccessTableViewCell.swift in Sources */ = {isa = PBXBuildFile; fileRef = 5029FF9825DBFFF90009936D /* HomeHeaderSectionSuccessTableViewCell.swift */; };
		5029FF9B25DBFFF90009936D /* HomeHeaderSectionSuccessTableViewCell.xib in Resources */ = {isa = PBXBuildFile; fileRef = 5029FF9925DBFFF90009936D /* HomeHeaderSectionSuccessTableViewCell.xib */; };
		5087C9FA25DC42DF007141F1 /* UITableView.swift in Sources */ = {isa = PBXBuildFile; fileRef = 5087C9F925DC42DF007141F1 /* UITableView.swift */; };
		5087C9FC25DC42F4007141F1 /* ReusableCellIdentifiable.swift in Sources */ = {isa = PBXBuildFile; fileRef = 5087C9FB25DC42F4007141F1 /* ReusableCellIdentifiable.swift */; };
		5087C9FE25DC43AF007141F1 /* UICollectionView.swift in Sources */ = {isa = PBXBuildFile; fileRef = 5087C9FD25DC43AF007141F1 /* UICollectionView.swift */; };
		5087CA0B25DC573B007141F1 /* HomeTipsSectionServiceInput.swift in Sources */ = {isa = PBXBuildFile; fileRef = 5087CA0A25DC573B007141F1 /* HomeTipsSectionServiceInput.swift */; };
		5087CA0D25DC5773007141F1 /* HomeTipsSectionService.swift in Sources */ = {isa = PBXBuildFile; fileRef = 5087CA0C25DC5773007141F1 /* HomeTipsSectionService.swift */; };
		5087CA0F25DC57EA007141F1 /* HomeTipsSectionInteractorInput.swift in Sources */ = {isa = PBXBuildFile; fileRef = 5087CA0E25DC57EA007141F1 /* HomeTipsSectionInteractorInput.swift */; };
		5087CA1125DC5836007141F1 /* HomeTipsSectionInteractor.swift in Sources */ = {isa = PBXBuildFile; fileRef = 5087CA1025DC5836007141F1 /* HomeTipsSectionInteractor.swift */; };
		5087CA1325DC58F3007141F1 /* HomeTipsSectionPresenterInput.swift in Sources */ = {isa = PBXBuildFile; fileRef = 5087CA1225DC58F3007141F1 /* HomeTipsSectionPresenterInput.swift */; };
		5087CA1525DC594A007141F1 /* HomeTipsSectionDomain.swift in Sources */ = {isa = PBXBuildFile; fileRef = 5087CA1425DC594A007141F1 /* HomeTipsSectionDomain.swift */; };
		5087CA1725DC5BA8007141F1 /* HomeTipsSectionPresenter.swift in Sources */ = {isa = PBXBuildFile; fileRef = 5087CA1625DC5BA8007141F1 /* HomeTipsSectionPresenter.swift */; };
		5087CA1925DC5C4F007141F1 /* HomeTipsSection.swift in Sources */ = {isa = PBXBuildFile; fileRef = 5087CA1825DC5C4F007141F1 /* HomeTipsSection.swift */; };
		5087CA1C25DC5CF4007141F1 /* HomeTipsSectionSuccessTableViewCell.swift in Sources */ = {isa = PBXBuildFile; fileRef = 5087CA1A25DC5CF4007141F1 /* HomeTipsSectionSuccessTableViewCell.swift */; };
		5087CA1D25DC5CF4007141F1 /* HomeTipsSectionSuccessTableViewCell.xib in Resources */ = {isa = PBXBuildFile; fileRef = 5087CA1B25DC5CF4007141F1 /* HomeTipsSectionSuccessTableViewCell.xib */; };
		5087CA1F25DC5EBE007141F1 /* HomeTipsSectionBuilder.swift in Sources */ = {isa = PBXBuildFile; fileRef = 5087CA1E25DC5EBE007141F1 /* HomeTipsSectionBuilder.swift */; };
		5087CA2125DC60D0007141F1 /* HomeBuilder.swift in Sources */ = {isa = PBXBuildFile; fileRef = 5087CA2025DC60D0007141F1 /* HomeBuilder.swift */; };
		5087CA2325DC6184007141F1 /* HomePresenter.swift in Sources */ = {isa = PBXBuildFile; fileRef = 5087CA2225DC6184007141F1 /* HomePresenter.swift */; };
		50D6437525DC0C72001EA9BF /* HomeHeaderSectionServiceInput.swift in Sources */ = {isa = PBXBuildFile; fileRef = 50D6437425DC0C72001EA9BF /* HomeHeaderSectionServiceInput.swift */; };
		50D6437725DC0CC7001EA9BF /* HomeHeaderSectionService.swift in Sources */ = {isa = PBXBuildFile; fileRef = 50D6437625DC0CC7001EA9BF /* HomeHeaderSectionService.swift */; };
		50D6437B25DC0D4D001EA9BF /* BaseRequest.swift in Sources */ = {isa = PBXBuildFile; fileRef = 50D6437A25DC0D4D001EA9BF /* BaseRequest.swift */; };
		50D6437D25DC0DAE001EA9BF /* HomeHeaderSectionInteractorInput.swift in Sources */ = {isa = PBXBuildFile; fileRef = 50D6437C25DC0DAE001EA9BF /* HomeHeaderSectionInteractorInput.swift */; };
		50D6437F25DC0DF7001EA9BF /* HomeSectionHeaderInteractor.swift in Sources */ = {isa = PBXBuildFile; fileRef = 50D6437E25DC0DF7001EA9BF /* HomeSectionHeaderInteractor.swift */; };
		50D6438925DC1353001EA9BF /* HomeSuggestionSectionServiceInput.swift in Sources */ = {isa = PBXBuildFile; fileRef = 50D6438825DC1353001EA9BF /* HomeSuggestionSectionServiceInput.swift */; };
		50D6438B25DC139E001EA9BF /* HomeSuggestionSectionService.swift in Sources */ = {isa = PBXBuildFile; fileRef = 50D6438A25DC139E001EA9BF /* HomeSuggestionSectionService.swift */; };
		50D6438D25DC144D001EA9BF /* HomeSuggestionSectionInteractorInput.swift in Sources */ = {isa = PBXBuildFile; fileRef = 50D6438C25DC144D001EA9BF /* HomeSuggestionSectionInteractorInput.swift */; };
		50D6438F25DC148A001EA9BF /* HomeSuggestionSectionInteractor.swift in Sources */ = {isa = PBXBuildFile; fileRef = 50D6438E25DC148A001EA9BF /* HomeSuggestionSectionInteractor.swift */; };
		50D6439125DC155D001EA9BF /* HomeSuggestionSectionPresenterInput.swift in Sources */ = {isa = PBXBuildFile; fileRef = 50D6439025DC155D001EA9BF /* HomeSuggestionSectionPresenterInput.swift */; };
		50D6439325DC15A5001EA9BF /* HomeSuggestionSectionDomain.swift in Sources */ = {isa = PBXBuildFile; fileRef = 50D6439225DC15A5001EA9BF /* HomeSuggestionSectionDomain.swift */; };
		50D6439525DC16DF001EA9BF /* HomeSuggestionSectionPresenter.swift in Sources */ = {isa = PBXBuildFile; fileRef = 50D6439425DC16DF001EA9BF /* HomeSuggestionSectionPresenter.swift */; };
		50D6439825DC17B5001EA9BF /* HomeSuggestionSectionSuccessTableViewCell.swift in Sources */ = {isa = PBXBuildFile; fileRef = 50D6439625DC17B5001EA9BF /* HomeSuggestionSectionSuccessTableViewCell.swift */; };
		50D6439925DC17B5001EA9BF /* HomeSuggestionSectionSuccessTableViewCell.xib in Resources */ = {isa = PBXBuildFile; fileRef = 50D6439725DC17B5001EA9BF /* HomeSuggestionSectionSuccessTableViewCell.xib */; };
		50D6439B25DC1886001EA9BF /* HomeSuggestionSection.swift in Sources */ = {isa = PBXBuildFile; fileRef = 50D6439A25DC1886001EA9BF /* HomeSuggestionSection.swift */; };
		50D6439D25DC19E8001EA9BF /* HomeSuggestionSectionBuilder.swift in Sources */ = {isa = PBXBuildFile; fileRef = 50D6439C25DC19E8001EA9BF /* HomeSuggestionSectionBuilder.swift */; };
		50D643A225DC3615001EA9BF /* HomeSuggestionSectionSuccessCollectionViewCell.swift in Sources */ = {isa = PBXBuildFile; fileRef = 50D643A025DC3615001EA9BF /* HomeSuggestionSectionSuccessCollectionViewCell.swift */; };
		50D643A325DC3615001EA9BF /* HomeSuggestionSectionSuccessCollectionViewCell.xib in Resources */ = {isa = PBXBuildFile; fileRef = 50D643A125DC3615001EA9BF /* HomeSuggestionSectionSuccessCollectionViewCell.xib */; };
		8F91022A38992A301365C4F4 /* Pods_Vagas.framework in Frameworks */ = {isa = PBXBuildFile; fileRef = 4476B0C134C2E842FA8C5125 /* Pods_Vagas.framework */; };
/* End PBXBuildFile section */

/* Begin PBXFileReference section */
		4476B0C134C2E842FA8C5125 /* Pods_Vagas.framework */ = {isa = PBXFileReference; explicitFileType = wrapper.framework; includeInIndex = 0; path = Pods_Vagas.framework; sourceTree = BUILT_PRODUCTS_DIR; };
		5029FF2725DAFF560009936D /* Vagas.app */ = {isa = PBXFileReference; explicitFileType = wrapper.application; includeInIndex = 0; path = Vagas.app; sourceTree = BUILT_PRODUCTS_DIR; };
		5029FF2A25DAFF560009936D /* AppDelegate.swift */ = {isa = PBXFileReference; lastKnownFileType = sourcecode.swift; path = AppDelegate.swift; sourceTree = "<group>"; };
		5029FF2C25DAFF560009936D /* SceneDelegate.swift */ = {isa = PBXFileReference; lastKnownFileType = sourcecode.swift; path = SceneDelegate.swift; sourceTree = "<group>"; };
		5029FF2E25DAFF560009936D /* HomeViewController.swift */ = {isa = PBXFileReference; lastKnownFileType = sourcecode.swift; path = HomeViewController.swift; sourceTree = "<group>"; };
		5029FF3125DAFF560009936D /* Base */ = {isa = PBXFileReference; lastKnownFileType = file.storyboard; name = Base; path = Base.lproj/Main.storyboard; sourceTree = "<group>"; };
		5029FF3325DAFF590009936D /* Assets.xcassets */ = {isa = PBXFileReference; lastKnownFileType = folder.assetcatalog; path = Assets.xcassets; sourceTree = "<group>"; };
		5029FF3625DAFF590009936D /* Base */ = {isa = PBXFileReference; lastKnownFileType = file.storyboard; name = Base; path = Base.lproj/LaunchScreen.storyboard; sourceTree = "<group>"; };
		5029FF3825DAFF590009936D /* Info.plist */ = {isa = PBXFileReference; lastKnownFileType = text.plist.xml; path = Info.plist; sourceTree = "<group>"; };
		5029FF4C25DB06850009936D /* UserDefaultsHelper.swift */ = {isa = PBXFileReference; lastKnownFileType = sourcecode.swift; path = UserDefaultsHelper.swift; sourceTree = "<group>"; };
		5029FF4E25DB06A80009936D /* UserDefaultsKey.swift */ = {isa = PBXFileReference; lastKnownFileType = sourcecode.swift; path = UserDefaultsKey.swift; sourceTree = "<group>"; };
		5029FF5025DB07E50009936D /* HomeServiceInput.swift */ = {isa = PBXFileReference; lastKnownFileType = sourcecode.swift; path = HomeServiceInput.swift; sourceTree = "<group>"; };
		5029FF5225DB08220009936D /* HomeInteractorInput.swift */ = {isa = PBXFileReference; lastKnownFileType = sourcecode.swift; path = HomeInteractorInput.swift; sourceTree = "<group>"; };
		5029FF5425DB082F0009936D /* HomePresenterInput.swift */ = {isa = PBXFileReference; lastKnownFileType = sourcecode.swift; path = HomePresenterInput.swift; sourceTree = "<group>"; };
		5029FF6525DB14190009936D /* Constant.swift */ = {isa = PBXFileReference; lastKnownFileType = sourcecode.swift; name = Constant.swift; path = Vagas/Feature/Home/Builder/Constant.swift; sourceTree = SOURCE_ROOT; };
		5029FF6725DB15C10009936D /* HomeService.swift */ = {isa = PBXFileReference; lastKnownFileType = sourcecode.swift; path = HomeService.swift; sourceTree = "<group>"; };
		5029FF6925DB182A0009936D /* HomeInteractor.swift */ = {isa = PBXFileReference; lastKnownFileType = sourcecode.swift; path = HomeInteractor.swift; sourceTree = "<group>"; };
		5029FF6B25DB18F90009936D /* KeyEntity.swift */ = {isa = PBXFileReference; lastKnownFileType = sourcecode.swift; path = KeyEntity.swift; sourceTree = "<group>"; };
		5029FF6D25DB1A550009936D /* TipsEntity.swift */ = {isa = PBXFileReference; lastKnownFileType = sourcecode.swift; path = TipsEntity.swift; sourceTree = "<group>"; };
		5029FF6F25DB1B450009936D /* ProfileEntity.swift */ = {isa = PBXFileReference; lastKnownFileType = sourcecode.swift; path = ProfileEntity.swift; sourceTree = "<group>"; };
		5029FF7125DB1CCC0009936D /* SuggestionEntity.swift */ = {isa = PBXFileReference; lastKnownFileType = sourcecode.swift; path = SuggestionEntity.swift; sourceTree = "<group>"; };
		5029FF7A25DB2E8B0009936D /* ReusableIdentifier.swift */ = {isa = PBXFileReference; lastKnownFileType = sourcecode.swift; path = ReusableIdentifier.swift; sourceTree = "<group>"; };
		5029FF7C25DB2EB50009936D /* Section.swift */ = {isa = PBXFileReference; lastKnownFileType = sourcecode.swift; path = Section.swift; sourceTree = "<group>"; };
		5029FF7E25DB2ECD0009936D /* SectionInput.swift */ = {isa = PBXFileReference; lastKnownFileType = sourcecode.swift; path = SectionInput.swift; sourceTree = "<group>"; };
		5029FF8125DB2EEC0009936D /* SectionOutput.swift */ = {isa = PBXFileReference; lastKnownFileType = sourcecode.swift; path = SectionOutput.swift; sourceTree = "<group>"; };
		5029FF8325DB2F0C0009936D /* TableViewController.swift */ = {isa = PBXFileReference; lastKnownFileType = sourcecode.swift; path = TableViewController.swift; sourceTree = "<group>"; };
		5029FF8525DB2F710009936D /* Thread.swift */ = {isa = PBXFileReference; lastKnownFileType = sourcecode.swift; path = Thread.swift; sourceTree = "<group>"; };
		5029FF8825DB357A0009936D /* HomeHeaderSectionBuilder.swift */ = {isa = PBXFileReference; lastKnownFileType = sourcecode.swift; path = HomeHeaderSectionBuilder.swift; sourceTree = "<group>"; };
		5029FF8A25DB358E0009936D /* HomeHeaderSection.swift */ = {isa = PBXFileReference; lastKnownFileType = sourcecode.swift; path = HomeHeaderSection.swift; sourceTree = "<group>"; };
		5029FF8D25DB36110009936D /* HomeHeaderSectionPresenterInput.swift */ = {isa = PBXFileReference; lastKnownFileType = sourcecode.swift; path = HomeHeaderSectionPresenterInput.swift; sourceTree = "<group>"; };
		5029FF8F25DB374E0009936D /* HomeHeaderSectionPresenter.swift */ = {isa = PBXFileReference; lastKnownFileType = sourcecode.swift; path = HomeHeaderSectionPresenter.swift; sourceTree = "<group>"; };
		5029FF9225DB49A60009936D /* HomeHeaderSectionDomain.swift */ = {isa = PBXFileReference; lastKnownFileType = sourcecode.swift; path = HomeHeaderSectionDomain.swift; sourceTree = "<group>"; };
		5029FF9525DBFD740009936D /* UIImageView.swift */ = {isa = PBXFileReference; lastKnownFileType = sourcecode.swift; path = UIImageView.swift; sourceTree = "<group>"; };
		5029FF9825DBFFF90009936D /* HomeHeaderSectionSuccessTableViewCell.swift */ = {isa = PBXFileReference; lastKnownFileType = sourcecode.swift; path = HomeHeaderSectionSuccessTableViewCell.swift; sourceTree = "<group>"; };
		5029FF9925DBFFF90009936D /* HomeHeaderSectionSuccessTableViewCell.xib */ = {isa = PBXFileReference; lastKnownFileType = file.xib; path = HomeHeaderSectionSuccessTableViewCell.xib; sourceTree = "<group>"; };
		5087C9F925DC42DF007141F1 /* UITableView.swift */ = {isa = PBXFileReference; lastKnownFileType = sourcecode.swift; path = UITableView.swift; sourceTree = "<group>"; };
		5087C9FB25DC42F4007141F1 /* ReusableCellIdentifiable.swift */ = {isa = PBXFileReference; lastKnownFileType = sourcecode.swift; path = ReusableCellIdentifiable.swift; sourceTree = "<group>"; };
		5087C9FD25DC43AF007141F1 /* UICollectionView.swift */ = {isa = PBXFileReference; lastKnownFileType = sourcecode.swift; path = UICollectionView.swift; sourceTree = "<group>"; };
		5087CA0A25DC573B007141F1 /* HomeTipsSectionServiceInput.swift */ = {isa = PBXFileReference; lastKnownFileType = sourcecode.swift; path = HomeTipsSectionServiceInput.swift; sourceTree = "<group>"; };
		5087CA0C25DC5773007141F1 /* HomeTipsSectionService.swift */ = {isa = PBXFileReference; lastKnownFileType = sourcecode.swift; path = HomeTipsSectionService.swift; sourceTree = "<group>"; };
		5087CA0E25DC57EA007141F1 /* HomeTipsSectionInteractorInput.swift */ = {isa = PBXFileReference; lastKnownFileType = sourcecode.swift; path = HomeTipsSectionInteractorInput.swift; sourceTree = "<group>"; };
		5087CA1025DC5836007141F1 /* HomeTipsSectionInteractor.swift */ = {isa = PBXFileReference; lastKnownFileType = sourcecode.swift; path = HomeTipsSectionInteractor.swift; sourceTree = "<group>"; };
		5087CA1225DC58F3007141F1 /* HomeTipsSectionPresenterInput.swift */ = {isa = PBXFileReference; lastKnownFileType = sourcecode.swift; path = HomeTipsSectionPresenterInput.swift; sourceTree = "<group>"; };
		5087CA1425DC594A007141F1 /* HomeTipsSectionDomain.swift */ = {isa = PBXFileReference; lastKnownFileType = sourcecode.swift; path = HomeTipsSectionDomain.swift; sourceTree = "<group>"; };
		5087CA1625DC5BA8007141F1 /* HomeTipsSectionPresenter.swift */ = {isa = PBXFileReference; lastKnownFileType = sourcecode.swift; path = HomeTipsSectionPresenter.swift; sourceTree = "<group>"; };
		5087CA1825DC5C4F007141F1 /* HomeTipsSection.swift */ = {isa = PBXFileReference; lastKnownFileType = sourcecode.swift; path = HomeTipsSection.swift; sourceTree = "<group>"; };
		5087CA1A25DC5CF4007141F1 /* HomeTipsSectionSuccessTableViewCell.swift */ = {isa = PBXFileReference; lastKnownFileType = sourcecode.swift; path = HomeTipsSectionSuccessTableViewCell.swift; sourceTree = "<group>"; };
		5087CA1B25DC5CF4007141F1 /* HomeTipsSectionSuccessTableViewCell.xib */ = {isa = PBXFileReference; lastKnownFileType = file.xib; path = HomeTipsSectionSuccessTableViewCell.xib; sourceTree = "<group>"; };
		5087CA1E25DC5EBE007141F1 /* HomeTipsSectionBuilder.swift */ = {isa = PBXFileReference; lastKnownFileType = sourcecode.swift; path = HomeTipsSectionBuilder.swift; sourceTree = "<group>"; };
		5087CA2025DC60D0007141F1 /* HomeBuilder.swift */ = {isa = PBXFileReference; lastKnownFileType = sourcecode.swift; path = HomeBuilder.swift; sourceTree = "<group>"; };
		5087CA2225DC6184007141F1 /* HomePresenter.swift */ = {isa = PBXFileReference; lastKnownFileType = sourcecode.swift; path = HomePresenter.swift; sourceTree = "<group>"; };
		50D6437425DC0C72001EA9BF /* HomeHeaderSectionServiceInput.swift */ = {isa = PBXFileReference; lastKnownFileType = sourcecode.swift; path = HomeHeaderSectionServiceInput.swift; sourceTree = "<group>"; };
		50D6437625DC0CC7001EA9BF /* HomeHeaderSectionService.swift */ = {isa = PBXFileReference; lastKnownFileType = sourcecode.swift; path = HomeHeaderSectionService.swift; sourceTree = "<group>"; };
		50D6437A25DC0D4D001EA9BF /* BaseRequest.swift */ = {isa = PBXFileReference; lastKnownFileType = sourcecode.swift; path = BaseRequest.swift; sourceTree = "<group>"; };
		50D6437C25DC0DAE001EA9BF /* HomeHeaderSectionInteractorInput.swift */ = {isa = PBXFileReference; lastKnownFileType = sourcecode.swift; path = HomeHeaderSectionInteractorInput.swift; sourceTree = "<group>"; };
		50D6437E25DC0DF7001EA9BF /* HomeSectionHeaderInteractor.swift */ = {isa = PBXFileReference; lastKnownFileType = sourcecode.swift; path = HomeSectionHeaderInteractor.swift; sourceTree = "<group>"; };
		50D6438825DC1353001EA9BF /* HomeSuggestionSectionServiceInput.swift */ = {isa = PBXFileReference; lastKnownFileType = sourcecode.swift; path = HomeSuggestionSectionServiceInput.swift; sourceTree = "<group>"; };
		50D6438A25DC139E001EA9BF /* HomeSuggestionSectionService.swift */ = {isa = PBXFileReference; lastKnownFileType = sourcecode.swift; path = HomeSuggestionSectionService.swift; sourceTree = "<group>"; };
		50D6438C25DC144D001EA9BF /* HomeSuggestionSectionInteractorInput.swift */ = {isa = PBXFileReference; lastKnownFileType = sourcecode.swift; path = HomeSuggestionSectionInteractorInput.swift; sourceTree = "<group>"; };
		50D6438E25DC148A001EA9BF /* HomeSuggestionSectionInteractor.swift */ = {isa = PBXFileReference; lastKnownFileType = sourcecode.swift; path = HomeSuggestionSectionInteractor.swift; sourceTree = "<group>"; };
		50D6439025DC155D001EA9BF /* HomeSuggestionSectionPresenterInput.swift */ = {isa = PBXFileReference; lastKnownFileType = sourcecode.swift; path = HomeSuggestionSectionPresenterInput.swift; sourceTree = "<group>"; };
		50D6439225DC15A5001EA9BF /* HomeSuggestionSectionDomain.swift */ = {isa = PBXFileReference; lastKnownFileType = sourcecode.swift; path = HomeSuggestionSectionDomain.swift; sourceTree = "<group>"; };
		50D6439425DC16DF001EA9BF /* HomeSuggestionSectionPresenter.swift */ = {isa = PBXFileReference; lastKnownFileType = sourcecode.swift; path = HomeSuggestionSectionPresenter.swift; sourceTree = "<group>"; };
		50D6439625DC17B5001EA9BF /* HomeSuggestionSectionSuccessTableViewCell.swift */ = {isa = PBXFileReference; lastKnownFileType = sourcecode.swift; path = HomeSuggestionSectionSuccessTableViewCell.swift; sourceTree = "<group>"; };
		50D6439725DC17B5001EA9BF /* HomeSuggestionSectionSuccessTableViewCell.xib */ = {isa = PBXFileReference; lastKnownFileType = file.xib; path = HomeSuggestionSectionSuccessTableViewCell.xib; sourceTree = "<group>"; };
		50D6439A25DC1886001EA9BF /* HomeSuggestionSection.swift */ = {isa = PBXFileReference; lastKnownFileType = sourcecode.swift; path = HomeSuggestionSection.swift; sourceTree = "<group>"; };
		50D6439C25DC19E8001EA9BF /* HomeSuggestionSectionBuilder.swift */ = {isa = PBXFileReference; lastKnownFileType = sourcecode.swift; path = HomeSuggestionSectionBuilder.swift; sourceTree = "<group>"; };
		50D643A025DC3615001EA9BF /* HomeSuggestionSectionSuccessCollectionViewCell.swift */ = {isa = PBXFileReference; lastKnownFileType = sourcecode.swift; path = HomeSuggestionSectionSuccessCollectionViewCell.swift; sourceTree = "<group>"; };
		50D643A125DC3615001EA9BF /* HomeSuggestionSectionSuccessCollectionViewCell.xib */ = {isa = PBXFileReference; lastKnownFileType = file.xib; path = HomeSuggestionSectionSuccessCollectionViewCell.xib; sourceTree = "<group>"; };
		633372022F9CCB348E34CC70 /* Pods-Vagas.release.xcconfig */ = {isa = PBXFileReference; includeInIndex = 1; lastKnownFileType = text.xcconfig; name = "Pods-Vagas.release.xcconfig"; path = "Target Support Files/Pods-Vagas/Pods-Vagas.release.xcconfig"; sourceTree = "<group>"; };
		8666AC6739453F6E17106E44 /* Pods-Vagas.debug.xcconfig */ = {isa = PBXFileReference; includeInIndex = 1; lastKnownFileType = text.xcconfig; name = "Pods-Vagas.debug.xcconfig"; path = "Target Support Files/Pods-Vagas/Pods-Vagas.debug.xcconfig"; sourceTree = "<group>"; };
/* End PBXFileReference section */

/* Begin PBXFrameworksBuildPhase section */
		5029FF2425DAFF560009936D /* Frameworks */ = {
			isa = PBXFrameworksBuildPhase;
			buildActionMask = 2147483647;
			files = (
				8F91022A38992A301365C4F4 /* Pods_Vagas.framework in Frameworks */,
			);
			runOnlyForDeploymentPostprocessing = 0;
		};
/* End PBXFrameworksBuildPhase section */

/* Begin PBXGroup section */
		5029FF1E25DAFF560009936D = {
			isa = PBXGroup;
			children = (
				5029FF2925DAFF560009936D /* Vagas */,
				5029FF2825DAFF560009936D /* Products */,
				DCC2E6DA54B04BAFE2B04461 /* Pods */,
				FB9779BD067658DA52992283 /* Frameworks */,
			);
			sourceTree = "<group>";
		};
		5029FF2825DAFF560009936D /* Products */ = {
			isa = PBXGroup;
			children = (
				5029FF2725DAFF560009936D /* Vagas.app */,
			);
			name = Products;
			sourceTree = "<group>";
		};
		5029FF2925DAFF560009936D /* Vagas */ = {
			isa = PBXGroup;
			children = (
				5029FF4125DB013C0009936D /* AppStart */,
				5029FF4025DB01350009936D /* Resource */,
				5029FF3F25DB012E0009936D /* Core */,
				5029FF3E25DB01260009936D /* Feature */,
				5029FF3025DAFF560009936D /* Main.storyboard */,
				5029FF3325DAFF590009936D /* Assets.xcassets */,
				5029FF3525DAFF590009936D /* LaunchScreen.storyboard */,
				5029FF3825DAFF590009936D /* Info.plist */,
			);
			path = Vagas;
			sourceTree = "<group>";
		};
		5029FF3E25DB01260009936D /* Feature */ = {
			isa = PBXGroup;
			children = (
				5029FF4225DB02120009936D /* Home */,
			);
			path = Feature;
			sourceTree = "<group>";
		};
		5029FF3F25DB012E0009936D /* Core */ = {
			isa = PBXGroup;
			children = (
				5029FF7825DB2E620009936D /* Components */,
				5029FF4925DB02540009936D /* Constant */,
				5029FF4825DB024E0009936D /* Helper */,
			);
			path = Core;
			sourceTree = "<group>";
		};
		5029FF4025DB01350009936D /* Resource */ = {
			isa = PBXGroup;
			children = (
			);
			path = Resource;
			sourceTree = "<group>";
		};
		5029FF4125DB013C0009936D /* AppStart */ = {
			isa = PBXGroup;
			children = (
				5029FF2C25DAFF560009936D /* SceneDelegate.swift */,
				5029FF2A25DAFF560009936D /* AppDelegate.swift */,
			);
			path = AppStart;
			sourceTree = "<group>";
		};
		5029FF4225DB02120009936D /* Home */ = {
			isa = PBXGroup;
			children = (
				5029FF7325DB2BEA0009936D /* Sections */,
				5029FF5625DB08410009936D /* Builder */,
				5029FF4725DB02420009936D /* View */,
				5029FF4625DB02310009936D /* Presenter */,
				5029FF4525DB02290009936D /* Interactor */,
				5029FF4425DB02240009936D /* Entity */,
				5029FF4325DB021E0009936D /* Service */,
			);
			path = Home;
			sourceTree = "<group>";
		};
		5029FF4325DB021E0009936D /* Service */ = {
			isa = PBXGroup;
			children = (
				5029FF5025DB07E50009936D /* HomeServiceInput.swift */,
				5029FF6725DB15C10009936D /* HomeService.swift */,
			);
			path = Service;
			sourceTree = "<group>";
		};
		5029FF4425DB02240009936D /* Entity */ = {
			isa = PBXGroup;
			children = (
				5029FF6B25DB18F90009936D /* KeyEntity.swift */,
			);
			path = Entity;
			sourceTree = "<group>";
		};
		5029FF4525DB02290009936D /* Interactor */ = {
			isa = PBXGroup;
			children = (
				5029FF5225DB08220009936D /* HomeInteractorInput.swift */,
				5029FF6925DB182A0009936D /* HomeInteractor.swift */,
			);
			path = Interactor;
			sourceTree = "<group>";
		};
		5029FF4625DB02310009936D /* Presenter */ = {
			isa = PBXGroup;
			children = (
				5029FF5425DB082F0009936D /* HomePresenterInput.swift */,
				5087CA2225DC6184007141F1 /* HomePresenter.swift */,
			);
			path = Presenter;
			sourceTree = "<group>";
		};
		5029FF4725DB02420009936D /* View */ = {
			isa = PBXGroup;
			children = (
				5029FF2E25DAFF560009936D /* HomeViewController.swift */,
			);
			path = View;
			sourceTree = "<group>";
		};
		5029FF4825DB024E0009936D /* Helper */ = {
			isa = PBXGroup;
			children = (
				50D6437925DC0D18001EA9BF /* BaseRequest */,
				50D6437825DC0D0A001EA9BF /* Thread */,
				5029FF9425DBFD5E0009936D /* Extension */,
				5029FF4A25DB06700009936D /* UserDefaults */,
			);
			path = Helper;
			sourceTree = "<group>";
		};
		5029FF4925DB02540009936D /* Constant */ = {
			isa = PBXGroup;
			children = (
				5029FF6525DB14190009936D /* Constant.swift */,
			);
			path = Constant;
			sourceTree = "<group>";
		};
		5029FF4A25DB06700009936D /* UserDefaults */ = {
			isa = PBXGroup;
			children = (
				5029FF4C25DB06850009936D /* UserDefaultsHelper.swift */,
				5029FF4E25DB06A80009936D /* UserDefaultsKey.swift */,
			);
			path = UserDefaults;
			sourceTree = "<group>";
		};
		5029FF5625DB08410009936D /* Builder */ = {
			isa = PBXGroup;
			children = (
				5087CA2025DC60D0007141F1 /* HomeBuilder.swift */,
			);
			path = Builder;
			sourceTree = "<group>";
		};
		5029FF7325DB2BEA0009936D /* Sections */ = {
			isa = PBXGroup;
			children = (
				5029FF7625DB2C110009936D /* Suggestion */,
				5029FF7525DB2C0C0009936D /* Tips */,
				5029FF7425DB2BF80009936D /* Header */,
			);
			path = Sections;
			sourceTree = "<group>";
		};
		5029FF7425DB2BF80009936D /* Header */ = {
			isa = PBXGroup;
			children = (
				5087CA0125DC5687007141F1 /* Entity */,
				50D6438025DC12E2001EA9BF /* Main */,
				50D6437325DC0C38001EA9BF /* Service */,
				50D6437225DC0C32001EA9BF /* Interactor */,
				5029FF9725DBFFC80009936D /* View */,
				5029FF9125DB397B0009936D /* Domain */,
				5029FF8C25DB35E50009936D /* Presenter */,
				5029FF8725DB34AC0009936D /* Builder */,
			);
			path = Header;
			sourceTree = "<group>";
		};
		5029FF7525DB2C0C0009936D /* Tips */ = {
			isa = PBXGroup;
			children = (
				5087CA0925DC56D3007141F1 /* Main */,
				5087CA0825DC56CD007141F1 /* Service */,
				5087CA0725DC56C6007141F1 /* Interactor */,
				5087CA0625DC56C2007141F1 /* View */,
				5087CA0525DC56BD007141F1 /* Domain */,
				5087CA0425DC56B8007141F1 /* Presenter */,
				5087CA0325DC56B3007141F1 /* Builder */,
				5087CA0225DC56A8007141F1 /* Entity */,
			);
			path = Tips;
			sourceTree = "<group>";
		};
		5029FF7625DB2C110009936D /* Suggestion */ = {
			isa = PBXGroup;
			children = (
				5087CA0025DC5672007141F1 /* Entity */,
				50D6438725DC1316001EA9BF /* Builder */,
				50D6438625DC1311001EA9BF /* Presenter */,
				50D6438525DC1309001EA9BF /* Domain */,
				50D6438425DC1302001EA9BF /* View */,
				50D6438325DC12FC001EA9BF /* Interactor */,
				50D6438225DC12F6001EA9BF /* Service */,
				50D6438125DC12F1001EA9BF /* Main */,
			);
			path = Suggestion;
			sourceTree = "<group>";
		};
		5029FF7825DB2E620009936D /* Components */ = {
			isa = PBXGroup;
			children = (
				5029FF7925DB2E670009936D /* TableView */,
			);
			path = Components;
			sourceTree = "<group>";
		};
		5029FF7925DB2E670009936D /* TableView */ = {
			isa = PBXGroup;
			children = (
				5029FF7A25DB2E8B0009936D /* ReusableIdentifier.swift */,
				5029FF7C25DB2EB50009936D /* Section.swift */,
				5029FF7E25DB2ECD0009936D /* SectionInput.swift */,
				5029FF8125DB2EEC0009936D /* SectionOutput.swift */,
				5029FF8325DB2F0C0009936D /* TableViewController.swift */,
			);
			path = TableView;
			sourceTree = "<group>";
		};
		5029FF8725DB34AC0009936D /* Builder */ = {
			isa = PBXGroup;
			children = (
				5029FF8825DB357A0009936D /* HomeHeaderSectionBuilder.swift */,
			);
			path = Builder;
			sourceTree = "<group>";
		};
		5029FF8C25DB35E50009936D /* Presenter */ = {
			isa = PBXGroup;
			children = (
				5029FF8D25DB36110009936D /* HomeHeaderSectionPresenterInput.swift */,
				5029FF8F25DB374E0009936D /* HomeHeaderSectionPresenter.swift */,
			);
			path = Presenter;
			sourceTree = "<group>";
		};
		5029FF9125DB397B0009936D /* Domain */ = {
			isa = PBXGroup;
			children = (
				5029FF9225DB49A60009936D /* HomeHeaderSectionDomain.swift */,
			);
			path = Domain;
			sourceTree = "<group>";
		};
		5029FF9425DBFD5E0009936D /* Extension */ = {
			isa = PBXGroup;
			children = (
				5029FF9525DBFD740009936D /* UIImageView.swift */,
				5087C9F925DC42DF007141F1 /* UITableView.swift */,
				5087C9FB25DC42F4007141F1 /* ReusableCellIdentifiable.swift */,
				5087C9FD25DC43AF007141F1 /* UICollectionView.swift */,
			);
			path = Extension;
			sourceTree = "<group>";
		};
		5029FF9725DBFFC80009936D /* View */ = {
			isa = PBXGroup;
			children = (
				5029FF9825DBFFF90009936D /* HomeHeaderSectionSuccessTableViewCell.swift */,
				5029FF9925DBFFF90009936D /* HomeHeaderSectionSuccessTableViewCell.xib */,
			);
			path = View;
			sourceTree = "<group>";
		};
		5087CA0025DC5672007141F1 /* Entity */ = {
			isa = PBXGroup;
			children = (
				5029FF7125DB1CCC0009936D /* SuggestionEntity.swift */,
			);
			path = Entity;
			sourceTree = "<group>";
		};
		5087CA0125DC5687007141F1 /* Entity */ = {
			isa = PBXGroup;
			children = (
				5029FF6F25DB1B450009936D /* ProfileEntity.swift */,
			);
			path = Entity;
			sourceTree = "<group>";
		};
		5087CA0225DC56A8007141F1 /* Entity */ = {
			isa = PBXGroup;
			children = (
				5029FF6D25DB1A550009936D /* TipsEntity.swift */,
			);
			path = Entity;
			sourceTree = "<group>";
		};
		5087CA0325DC56B3007141F1 /* Builder */ = {
			isa = PBXGroup;
			children = (
				5087CA1E25DC5EBE007141F1 /* HomeTipsSectionBuilder.swift */,
			);
			path = Builder;
			sourceTree = "<group>";
		};
		5087CA0425DC56B8007141F1 /* Presenter */ = {
			isa = PBXGroup;
			children = (
				5087CA1225DC58F3007141F1 /* HomeTipsSectionPresenterInput.swift */,
				5087CA1625DC5BA8007141F1 /* HomeTipsSectionPresenter.swift */,
			);
			path = Presenter;
			sourceTree = "<group>";
		};
		5087CA0525DC56BD007141F1 /* Domain */ = {
			isa = PBXGroup;
			children = (
				5087CA1425DC594A007141F1 /* HomeTipsSectionDomain.swift */,
			);
			path = Domain;
			sourceTree = "<group>";
		};
		5087CA0625DC56C2007141F1 /* View */ = {
			isa = PBXGroup;
			children = (
				5087CA1A25DC5CF4007141F1 /* HomeTipsSectionSuccessTableViewCell.swift */,
				5087CA1B25DC5CF4007141F1 /* HomeTipsSectionSuccessTableViewCell.xib */,
			);
			path = View;
			sourceTree = "<group>";
		};
		5087CA0725DC56C6007141F1 /* Interactor */ = {
			isa = PBXGroup;
			children = (
				5087CA0E25DC57EA007141F1 /* HomeTipsSectionInteractorInput.swift */,
				5087CA1025DC5836007141F1 /* HomeTipsSectionInteractor.swift */,
			);
			path = Interactor;
			sourceTree = "<group>";
		};
		5087CA0825DC56CD007141F1 /* Service */ = {
			isa = PBXGroup;
			children = (
				5087CA0A25DC573B007141F1 /* HomeTipsSectionServiceInput.swift */,
				5087CA0C25DC5773007141F1 /* HomeTipsSectionService.swift */,
			);
			path = Service;
			sourceTree = "<group>";
		};
		5087CA0925DC56D3007141F1 /* Main */ = {
			isa = PBXGroup;
			children = (
				5087CA1825DC5C4F007141F1 /* HomeTipsSection.swift */,
			);
			path = Main;
			sourceTree = "<group>";
		};
		50D6437225DC0C32001EA9BF /* Interactor */ = {
			isa = PBXGroup;
			children = (
				50D6437C25DC0DAE001EA9BF /* HomeHeaderSectionInteractorInput.swift */,
				50D6437E25DC0DF7001EA9BF /* HomeSectionHeaderInteractor.swift */,
			);
			path = Interactor;
			sourceTree = "<group>";
		};
		50D6437325DC0C38001EA9BF /* Service */ = {
			isa = PBXGroup;
			children = (
				50D6437425DC0C72001EA9BF /* HomeHeaderSectionServiceInput.swift */,
				50D6437625DC0CC7001EA9BF /* HomeHeaderSectionService.swift */,
			);
			path = Service;
			sourceTree = "<group>";
		};
		50D6437825DC0D0A001EA9BF /* Thread */ = {
			isa = PBXGroup;
			children = (
				5029FF8525DB2F710009936D /* Thread.swift */,
			);
			path = Thread;
			sourceTree = "<group>";
		};
		50D6437925DC0D18001EA9BF /* BaseRequest */ = {
			isa = PBXGroup;
			children = (
				50D6437A25DC0D4D001EA9BF /* BaseRequest.swift */,
			);
			path = BaseRequest;
			sourceTree = "<group>";
		};
		50D6438025DC12E2001EA9BF /* Main */ = {
			isa = PBXGroup;
			children = (
				5029FF8A25DB358E0009936D /* HomeHeaderSection.swift */,
			);
			path = Main;
			sourceTree = "<group>";
		};
		50D6438125DC12F1001EA9BF /* Main */ = {
			isa = PBXGroup;
			children = (
				50D6439A25DC1886001EA9BF /* HomeSuggestionSection.swift */,
			);
			path = Main;
			sourceTree = "<group>";
		};
		50D6438225DC12F6001EA9BF /* Service */ = {
			isa = PBXGroup;
			children = (
				50D6438825DC1353001EA9BF /* HomeSuggestionSectionServiceInput.swift */,
				50D6438A25DC139E001EA9BF /* HomeSuggestionSectionService.swift */,
			);
			path = Service;
			sourceTree = "<group>";
		};
		50D6438325DC12FC001EA9BF /* Interactor */ = {
			isa = PBXGroup;
			children = (
				50D6438C25DC144D001EA9BF /* HomeSuggestionSectionInteractorInput.swift */,
				50D6438E25DC148A001EA9BF /* HomeSuggestionSectionInteractor.swift */,
			);
			path = Interactor;
			sourceTree = "<group>";
		};
		50D6438425DC1302001EA9BF /* View */ = {
			isa = PBXGroup;
			children = (
				50D6439F25DC35D4001EA9BF /* CollectionViewCell */,
				50D6439E25DC35C2001EA9BF /* Main */,
			);
			path = View;
			sourceTree = "<group>";
		};
		50D6438525DC1309001EA9BF /* Domain */ = {
			isa = PBXGroup;
			children = (
				50D6439225DC15A5001EA9BF /* HomeSuggestionSectionDomain.swift */,
			);
			path = Domain;
			sourceTree = "<group>";
		};
		50D6438625DC1311001EA9BF /* Presenter */ = {
			isa = PBXGroup;
			children = (
				50D6439025DC155D001EA9BF /* HomeSuggestionSectionPresenterInput.swift */,
				50D6439425DC16DF001EA9BF /* HomeSuggestionSectionPresenter.swift */,
			);
			path = Presenter;
			sourceTree = "<group>";
		};
		50D6438725DC1316001EA9BF /* Builder */ = {
			isa = PBXGroup;
			children = (
				50D6439C25DC19E8001EA9BF /* HomeSuggestionSectionBuilder.swift */,
			);
			path = Builder;
			sourceTree = "<group>";
		};
		50D6439E25DC35C2001EA9BF /* Main */ = {
			isa = PBXGroup;
			children = (
				50D6439625DC17B5001EA9BF /* HomeSuggestionSectionSuccessTableViewCell.swift */,
				50D6439725DC17B5001EA9BF /* HomeSuggestionSectionSuccessTableViewCell.xib */,
			);
			path = Main;
			sourceTree = "<group>";
		};
		50D6439F25DC35D4001EA9BF /* CollectionViewCell */ = {
			isa = PBXGroup;
			children = (
				50D643A025DC3615001EA9BF /* HomeSuggestionSectionSuccessCollectionViewCell.swift */,
				50D643A125DC3615001EA9BF /* HomeSuggestionSectionSuccessCollectionViewCell.xib */,
			);
			path = CollectionViewCell;
			sourceTree = "<group>";
		};
		DCC2E6DA54B04BAFE2B04461 /* Pods */ = {
			isa = PBXGroup;
			children = (
				8666AC6739453F6E17106E44 /* Pods-Vagas.debug.xcconfig */,
				633372022F9CCB348E34CC70 /* Pods-Vagas.release.xcconfig */,
			);
			path = Pods;
			sourceTree = "<group>";
		};
		FB9779BD067658DA52992283 /* Frameworks */ = {
			isa = PBXGroup;
			children = (
				4476B0C134C2E842FA8C5125 /* Pods_Vagas.framework */,
			);
			name = Frameworks;
			sourceTree = "<group>";
		};
/* End PBXGroup section */

/* Begin PBXNativeTarget section */
		5029FF2625DAFF560009936D /* Vagas */ = {
			isa = PBXNativeTarget;
			buildConfigurationList = 5029FF3B25DAFF590009936D /* Build configuration list for PBXNativeTarget "Vagas" */;
			buildPhases = (
				52433D3E457BBD68C9B57DAC /* [CP] Check Pods Manifest.lock */,
				5029FF2325DAFF560009936D /* Sources */,
				5029FF2425DAFF560009936D /* Frameworks */,
				5029FF2525DAFF560009936D /* Resources */,
				3CCD5F4BC636F6203F7988C0 /* [CP] Embed Pods Frameworks */,
			);
			buildRules = (
			);
			dependencies = (
			);
			name = Vagas;
			productName = Vagas;
			productReference = 5029FF2725DAFF560009936D /* Vagas.app */;
			productType = "com.apple.product-type.application";
		};
/* End PBXNativeTarget section */

/* Begin PBXProject section */
		5029FF1F25DAFF560009936D /* Project object */ = {
			isa = PBXProject;
			attributes = {
				LastSwiftUpdateCheck = 1170;
				LastUpgradeCheck = 1170;
				ORGANIZATIONNAME = "Hugo Coutinho";
				TargetAttributes = {
					5029FF2625DAFF560009936D = {
						CreatedOnToolsVersion = 11.7;
					};
				};
			};
			buildConfigurationList = 5029FF2225DAFF560009936D /* Build configuration list for PBXProject "Vagas" */;
			compatibilityVersion = "Xcode 9.3";
			developmentRegion = en;
			hasScannedForEncodings = 0;
			knownRegions = (
				en,
				Base,
			);
			mainGroup = 5029FF1E25DAFF560009936D;
			productRefGroup = 5029FF2825DAFF560009936D /* Products */;
			projectDirPath = "";
			projectRoot = "";
			targets = (
				5029FF2625DAFF560009936D /* Vagas */,
			);
		};
/* End PBXProject section */

/* Begin PBXResourcesBuildPhase section */
		5029FF2525DAFF560009936D /* Resources */ = {
			isa = PBXResourcesBuildPhase;
			buildActionMask = 2147483647;
			files = (
				5029FF3725DAFF590009936D /* LaunchScreen.storyboard in Resources */,
				5029FF9B25DBFFF90009936D /* HomeHeaderSectionSuccessTableViewCell.xib in Resources */,
				50D6439925DC17B5001EA9BF /* HomeSuggestionSectionSuccessTableViewCell.xib in Resources */,
				5029FF3425DAFF590009936D /* Assets.xcassets in Resources */,
				5029FF3225DAFF560009936D /* Main.storyboard in Resources */,
				50D643A325DC3615001EA9BF /* HomeSuggestionSectionSuccessCollectionViewCell.xib in Resources */,
				5087CA1D25DC5CF4007141F1 /* HomeTipsSectionSuccessTableViewCell.xib in Resources */,
			);
			runOnlyForDeploymentPostprocessing = 0;
		};
/* End PBXResourcesBuildPhase section */

/* Begin PBXShellScriptBuildPhase section */
		3CCD5F4BC636F6203F7988C0 /* [CP] Embed Pods Frameworks */ = {
			isa = PBXShellScriptBuildPhase;
			buildActionMask = 2147483647;
			files = (
			);
			inputFileListPaths = (
				"${PODS_ROOT}/Target Support Files/Pods-Vagas/Pods-Vagas-frameworks-${CONFIGURATION}-input-files.xcfilelist",
			);
			name = "[CP] Embed Pods Frameworks";
			outputFileListPaths = (
				"${PODS_ROOT}/Target Support Files/Pods-Vagas/Pods-Vagas-frameworks-${CONFIGURATION}-output-files.xcfilelist",
			);
			runOnlyForDeploymentPostprocessing = 0;
			shellPath = /bin/sh;
			shellScript = "\"${PODS_ROOT}/Target Support Files/Pods-Vagas/Pods-Vagas-frameworks.sh\"\n";
			showEnvVarsInLog = 0;
		};
		52433D3E457BBD68C9B57DAC /* [CP] Check Pods Manifest.lock */ = {
			isa = PBXShellScriptBuildPhase;
			buildActionMask = 2147483647;
			files = (
			);
			inputFileListPaths = (
			);
			inputPaths = (
				"${PODS_PODFILE_DIR_PATH}/Podfile.lock",
				"${PODS_ROOT}/Manifest.lock",
			);
			name = "[CP] Check Pods Manifest.lock";
			outputFileListPaths = (
			);
			outputPaths = (
				"$(DERIVED_FILE_DIR)/Pods-Vagas-checkManifestLockResult.txt",
			);
			runOnlyForDeploymentPostprocessing = 0;
			shellPath = /bin/sh;
			shellScript = "diff \"${PODS_PODFILE_DIR_PATH}/Podfile.lock\" \"${PODS_ROOT}/Manifest.lock\" > /dev/null\nif [ $? != 0 ] ; then\n    # print error to STDERR\n    echo \"error: The sandbox is not in sync with the Podfile.lock. Run 'pod install' or update your CocoaPods installation.\" >&2\n    exit 1\nfi\n# This output is used by Xcode 'outputs' to avoid re-running this script phase.\necho \"SUCCESS\" > \"${SCRIPT_OUTPUT_FILE_0}\"\n";
			showEnvVarsInLog = 0;
		};
/* End PBXShellScriptBuildPhase section */

/* Begin PBXSourcesBuildPhase section */
		5029FF2325DAFF560009936D /* Sources */ = {
			isa = PBXSourcesBuildPhase;
			buildActionMask = 2147483647;
			files = (
				5029FF7D25DB2EB50009936D /* Section.swift in Sources */,
				5087CA0B25DC573B007141F1 /* HomeTipsSectionServiceInput.swift in Sources */,
				5029FF9625DBFD740009936D /* UIImageView.swift in Sources */,
				5029FF2F25DAFF560009936D /* HomeViewController.swift in Sources */,
				5029FF6E25DB1A550009936D /* TipsEntity.swift in Sources */,
				5087CA1725DC5BA8007141F1 /* HomeTipsSectionPresenter.swift in Sources */,
				50D6437F25DC0DF7001EA9BF /* HomeSectionHeaderInteractor.swift in Sources */,
				5087CA2325DC6184007141F1 /* HomePresenter.swift in Sources */,
				5087C9FE25DC43AF007141F1 /* UICollectionView.swift in Sources */,
				50D6439525DC16DF001EA9BF /* HomeSuggestionSectionPresenter.swift in Sources */,
				50D6437B25DC0D4D001EA9BF /* BaseRequest.swift in Sources */,
				5029FF8425DB2F0C0009936D /* TableViewController.swift in Sources */,
				50D6438925DC1353001EA9BF /* HomeSuggestionSectionServiceInput.swift in Sources */,
				50D643A225DC3615001EA9BF /* HomeSuggestionSectionSuccessCollectionViewCell.swift in Sources */,
				5029FF6A25DB182A0009936D /* HomeInteractor.swift in Sources */,
				5087CA1C25DC5CF4007141F1 /* HomeTipsSectionSuccessTableViewCell.swift in Sources */,
				5029FF5325DB08220009936D /* HomeInteractorInput.swift in Sources */,
				5029FF8225DB2EEC0009936D /* SectionOutput.swift in Sources */,
				5029FF6625DB14190009936D /* Constant.swift in Sources */,
				5087C9FC25DC42F4007141F1 /* ReusableCellIdentifiable.swift in Sources */,
				50D6439325DC15A5001EA9BF /* HomeSuggestionSectionDomain.swift in Sources */,
				5087CA1F25DC5EBE007141F1 /* HomeTipsSectionBuilder.swift in Sources */,
				50D6438F25DC148A001EA9BF /* HomeSuggestionSectionInteractor.swift in Sources */,
				5029FF6C25DB18F90009936D /* KeyEntity.swift in Sources */,
				5087CA1325DC58F3007141F1 /* HomeTipsSectionPresenterInput.swift in Sources */,
				5029FF2B25DAFF560009936D /* AppDelegate.swift in Sources */,
				5029FF7225DB1CCC0009936D /* SuggestionEntity.swift in Sources */,
				5029FF6825DB15C10009936D /* HomeService.swift in Sources */,
				5029FF9A25DBFFF90009936D /* HomeHeaderSectionSuccessTableViewCell.swift in Sources */,
				50D6439125DC155D001EA9BF /* HomeSuggestionSectionPresenterInput.swift in Sources */,
				5087CA0D25DC5773007141F1 /* HomeTipsSectionService.swift in Sources */,
				5029FF7B25DB2E8B0009936D /* ReusableIdentifier.swift in Sources */,
				5029FF8925DB357B0009936D /* HomeHeaderSectionBuilder.swift in Sources */,
				5029FF8B25DB358E0009936D /* HomeHeaderSection.swift in Sources */,
				50D6439D25DC19E8001EA9BF /* HomeSuggestionSectionBuilder.swift in Sources */,
				5029FF9325DB49A60009936D /* HomeHeaderSectionDomain.swift in Sources */,
				5029FF4D25DB06850009936D /* UserDefaultsHelper.swift in Sources */,
				50D6438B25DC139E001EA9BF /* HomeSuggestionSectionService.swift in Sources */,
				5029FF5125DB07E50009936D /* HomeServiceInput.swift in Sources */,
				5029FF9025DB374E0009936D /* HomeHeaderSectionPresenter.swift in Sources */,
				5029FF2D25DAFF560009936D /* SceneDelegate.swift in Sources */,
				5087C9FA25DC42DF007141F1 /* UITableView.swift in Sources */,
				5087CA1925DC5C4F007141F1 /* HomeTipsSection.swift in Sources */,
				5087CA1525DC594A007141F1 /* HomeTipsSectionDomain.swift in Sources */,
				50D6438D25DC144D001EA9BF /* HomeSuggestionSectionInteractorInput.swift in Sources */,
				5087CA0F25DC57EA007141F1 /* HomeTipsSectionInteractorInput.swift in Sources */,
				5029FF7F25DB2ECD0009936D /* SectionInput.swift in Sources */,
				5029FF4F25DB06A80009936D /* UserDefaultsKey.swift in Sources */,
				5029FF7025DB1B450009936D /* ProfileEntity.swift in Sources */,
				5029FF8625DB2F710009936D /* Thread.swift in Sources */,
				50D6437525DC0C72001EA9BF /* HomeHeaderSectionServiceInput.swift in Sources */,
				5029FF5525DB082F0009936D /* HomePresenterInput.swift in Sources */,
				5029FF8E25DB36110009936D /* HomeHeaderSectionPresenterInput.swift in Sources */,
				5087CA2125DC60D0007141F1 /* HomeBuilder.swift in Sources */,
				50D6439B25DC1886001EA9BF /* HomeSuggestionSection.swift in Sources */,
				50D6437D25DC0DAE001EA9BF /* HomeHeaderSectionInteractorInput.swift in Sources */,
				5087CA1125DC5836007141F1 /* HomeTipsSectionInteractor.swift in Sources */,
				50D6439825DC17B5001EA9BF /* HomeSuggestionSectionSuccessTableViewCell.swift in Sources */,
				50D6437725DC0CC7001EA9BF /* HomeHeaderSectionService.swift in Sources */,
			);
			runOnlyForDeploymentPostprocessing = 0;
		};
/* End PBXSourcesBuildPhase section */

/* Begin PBXVariantGroup section */
		5029FF3025DAFF560009936D /* Main.storyboard */ = {
			isa = PBXVariantGroup;
			children = (
				5029FF3125DAFF560009936D /* Base */,
			);
			name = Main.storyboard;
			sourceTree = "<group>";
		};
		5029FF3525DAFF590009936D /* LaunchScreen.storyboard */ = {
			isa = PBXVariantGroup;
			children = (
				5029FF3625DAFF590009936D /* Base */,
			);
			name = LaunchScreen.storyboard;
			sourceTree = "<group>";
		};
/* End PBXVariantGroup section */

/* Begin XCBuildConfiguration section */
		5029FF3925DAFF590009936D /* Debug */ = {
			isa = XCBuildConfiguration;
			buildSettings = {
				ALWAYS_SEARCH_USER_PATHS = NO;
				CLANG_ANALYZER_NONNULL = YES;
				CLANG_ANALYZER_NUMBER_OBJECT_CONVERSION = YES_AGGRESSIVE;
				CLANG_CXX_LANGUAGE_STANDARD = "gnu++14";
				CLANG_CXX_LIBRARY = "libc++";
				CLANG_ENABLE_MODULES = YES;
				CLANG_ENABLE_OBJC_ARC = YES;
				CLANG_ENABLE_OBJC_WEAK = YES;
				CLANG_WARN_BLOCK_CAPTURE_AUTORELEASING = YES;
				CLANG_WARN_BOOL_CONVERSION = YES;
				CLANG_WARN_COMMA = YES;
				CLANG_WARN_CONSTANT_CONVERSION = YES;
				CLANG_WARN_DEPRECATED_OBJC_IMPLEMENTATIONS = YES;
				CLANG_WARN_DIRECT_OBJC_ISA_USAGE = YES_ERROR;
				CLANG_WARN_DOCUMENTATION_COMMENTS = YES;
				CLANG_WARN_EMPTY_BODY = YES;
				CLANG_WARN_ENUM_CONVERSION = YES;
				CLANG_WARN_INFINITE_RECURSION = YES;
				CLANG_WARN_INT_CONVERSION = YES;
				CLANG_WARN_NON_LITERAL_NULL_CONVERSION = YES;
				CLANG_WARN_OBJC_IMPLICIT_RETAIN_SELF = YES;
				CLANG_WARN_OBJC_LITERAL_CONVERSION = YES;
				CLANG_WARN_OBJC_ROOT_CLASS = YES_ERROR;
				CLANG_WARN_RANGE_LOOP_ANALYSIS = YES;
				CLANG_WARN_STRICT_PROTOTYPES = YES;
				CLANG_WARN_SUSPICIOUS_MOVE = YES;
				CLANG_WARN_UNGUARDED_AVAILABILITY = YES_AGGRESSIVE;
				CLANG_WARN_UNREACHABLE_CODE = YES;
				CLANG_WARN__DUPLICATE_METHOD_MATCH = YES;
				COPY_PHASE_STRIP = NO;
				DEBUG_INFORMATION_FORMAT = dwarf;
				ENABLE_STRICT_OBJC_MSGSEND = YES;
				ENABLE_TESTABILITY = YES;
				GCC_C_LANGUAGE_STANDARD = gnu11;
				GCC_DYNAMIC_NO_PIC = NO;
				GCC_NO_COMMON_BLOCKS = YES;
				GCC_OPTIMIZATION_LEVEL = 0;
				GCC_PREPROCESSOR_DEFINITIONS = (
					"DEBUG=1",
					"$(inherited)",
				);
				GCC_WARN_64_TO_32_BIT_CONVERSION = YES;
				GCC_WARN_ABOUT_RETURN_TYPE = YES_ERROR;
				GCC_WARN_UNDECLARED_SELECTOR = YES;
				GCC_WARN_UNINITIALIZED_AUTOS = YES_AGGRESSIVE;
				GCC_WARN_UNUSED_FUNCTION = YES;
				GCC_WARN_UNUSED_VARIABLE = YES;
				IPHONEOS_DEPLOYMENT_TARGET = 13.7;
				MTL_ENABLE_DEBUG_INFO = INCLUDE_SOURCE;
				MTL_FAST_MATH = YES;
				ONLY_ACTIVE_ARCH = YES;
				SDKROOT = iphoneos;
				SWIFT_ACTIVE_COMPILATION_CONDITIONS = DEBUG;
				SWIFT_OPTIMIZATION_LEVEL = "-Onone";
			};
			name = Debug;
		};
		5029FF3A25DAFF590009936D /* Release */ = {
			isa = XCBuildConfiguration;
			buildSettings = {
				ALWAYS_SEARCH_USER_PATHS = NO;
				CLANG_ANALYZER_NONNULL = YES;
				CLANG_ANALYZER_NUMBER_OBJECT_CONVERSION = YES_AGGRESSIVE;
				CLANG_CXX_LANGUAGE_STANDARD = "gnu++14";
				CLANG_CXX_LIBRARY = "libc++";
				CLANG_ENABLE_MODULES = YES;
				CLANG_ENABLE_OBJC_ARC = YES;
				CLANG_ENABLE_OBJC_WEAK = YES;
				CLANG_WARN_BLOCK_CAPTURE_AUTORELEASING = YES;
				CLANG_WARN_BOOL_CONVERSION = YES;
				CLANG_WARN_COMMA = YES;
				CLANG_WARN_CONSTANT_CONVERSION = YES;
				CLANG_WARN_DEPRECATED_OBJC_IMPLEMENTATIONS = YES;
				CLANG_WARN_DIRECT_OBJC_ISA_USAGE = YES_ERROR;
				CLANG_WARN_DOCUMENTATION_COMMENTS = YES;
				CLANG_WARN_EMPTY_BODY = YES;
				CLANG_WARN_ENUM_CONVERSION = YES;
				CLANG_WARN_INFINITE_RECURSION = YES;
				CLANG_WARN_INT_CONVERSION = YES;
				CLANG_WARN_NON_LITERAL_NULL_CONVERSION = YES;
				CLANG_WARN_OBJC_IMPLICIT_RETAIN_SELF = YES;
				CLANG_WARN_OBJC_LITERAL_CONVERSION = YES;
				CLANG_WARN_OBJC_ROOT_CLASS = YES_ERROR;
				CLANG_WARN_RANGE_LOOP_ANALYSIS = YES;
				CLANG_WARN_STRICT_PROTOTYPES = YES;
				CLANG_WARN_SUSPICIOUS_MOVE = YES;
				CLANG_WARN_UNGUARDED_AVAILABILITY = YES_AGGRESSIVE;
				CLANG_WARN_UNREACHABLE_CODE = YES;
				CLANG_WARN__DUPLICATE_METHOD_MATCH = YES;
				COPY_PHASE_STRIP = NO;
				DEBUG_INFORMATION_FORMAT = "dwarf-with-dsym";
				ENABLE_NS_ASSERTIONS = NO;
				ENABLE_STRICT_OBJC_MSGSEND = YES;
				GCC_C_LANGUAGE_STANDARD = gnu11;
				GCC_NO_COMMON_BLOCKS = YES;
				GCC_WARN_64_TO_32_BIT_CONVERSION = YES;
				GCC_WARN_ABOUT_RETURN_TYPE = YES_ERROR;
				GCC_WARN_UNDECLARED_SELECTOR = YES;
				GCC_WARN_UNINITIALIZED_AUTOS = YES_AGGRESSIVE;
				GCC_WARN_UNUSED_FUNCTION = YES;
				GCC_WARN_UNUSED_VARIABLE = YES;
				IPHONEOS_DEPLOYMENT_TARGET = 13.7;
				MTL_ENABLE_DEBUG_INFO = NO;
				MTL_FAST_MATH = YES;
				SDKROOT = iphoneos;
				SWIFT_COMPILATION_MODE = wholemodule;
				SWIFT_OPTIMIZATION_LEVEL = "-O";
				VALIDATE_PRODUCT = YES;
			};
			name = Release;
		};
		5029FF3C25DAFF590009936D /* Debug */ = {
			isa = XCBuildConfiguration;
			baseConfigurationReference = 8666AC6739453F6E17106E44 /* Pods-Vagas.debug.xcconfig */;
			buildSettings = {
				ASSETCATALOG_COMPILER_APPICON_NAME = AppIcon;
				CODE_SIGN_STYLE = Automatic;
				DEVELOPMENT_TEAM = D8SS8BRWWP;
				INFOPLIST_FILE = Vagas/Info.plist;
				IPHONEOS_DEPLOYMENT_TARGET = 11.0;
				LD_RUNPATH_SEARCH_PATHS = (
					"$(inherited)",
					"@executable_path/Frameworks",
				);
				PRODUCT_BUNDLE_IDENTIFIER = br.com.hugocoutinho.Vagas;
				PRODUCT_NAME = "$(TARGET_NAME)";
				SWIFT_VERSION = 5.0;
				TARGETED_DEVICE_FAMILY = "1,2";
			};
			name = Debug;
		};
		5029FF3D25DAFF590009936D /* Release */ = {
			isa = XCBuildConfiguration;
			baseConfigurationReference = 633372022F9CCB348E34CC70 /* Pods-Vagas.release.xcconfig */;
			buildSettings = {
				ASSETCATALOG_COMPILER_APPICON_NAME = AppIcon;
				CODE_SIGN_STYLE = Automatic;
				DEVELOPMENT_TEAM = D8SS8BRWWP;
				INFOPLIST_FILE = Vagas/Info.plist;
				IPHONEOS_DEPLOYMENT_TARGET = 11.0;
				LD_RUNPATH_SEARCH_PATHS = (
					"$(inherited)",
					"@executable_path/Frameworks",
				);
				PRODUCT_BUNDLE_IDENTIFIER = br.com.hugocoutinho.Vagas;
				PRODUCT_NAME = "$(TARGET_NAME)";
				SWIFT_VERSION = 5.0;
				TARGETED_DEVICE_FAMILY = "1,2";
			};
			name = Release;
		};
/* End XCBuildConfiguration section */

/* Begin XCConfigurationList section */
		5029FF2225DAFF560009936D /* Build configuration list for PBXProject "Vagas" */ = {
			isa = XCConfigurationList;
			buildConfigurations = (
				5029FF3925DAFF590009936D /* Debug */,
				5029FF3A25DAFF590009936D /* Release */,
			);
			defaultConfigurationIsVisible = 0;
			defaultConfigurationName = Release;
		};
		5029FF3B25DAFF590009936D /* Build configuration list for PBXNativeTarget "Vagas" */ = {
			isa = XCConfigurationList;
			buildConfigurations = (
				5029FF3C25DAFF590009936D /* Debug */,
				5029FF3D25DAFF590009936D /* Release */,
			);
			defaultConfigurationIsVisible = 0;
			defaultConfigurationName = Release;
		};
/* End XCConfigurationList section */
	};
	rootObject = 5029FF1F25DAFF560009936D /* Project object */;
}
